
Microsoft Visual Studio Solution File, Format Version 12.00
# Visual Studio Version 17
VisualStudioVersion = 17.6.33815.320
MinimumVisualStudioVersion = 10.0.40219.1
Project("{FAE04EC0-301F-11D3-BF4B-00C04F79EFBC}") = "pubgforms", "pubgforms\pubgforms.csproj", "{B7756CC6-62A3-4FBB-B1E7-CAE0B3F14133}"
EndProject
Global
	GlobalSection(SolutionConfigurationPlatforms) = preSolution
		Debug|Any CPU = Debug|Any CPU
		Release|Any CPU = Release|Any CPU
	EndGlobalSection
	GlobalSection(ProjectConfigurationPlatforms) = postSolution
		{B7756CC6-62A3-4FBB-B1E7-CAE0B3F14133}.Debug|Any CPU.ActiveCfg = Debug|Any CPU
		{B7756CC6-62A3-4FBB-B1E7-CAE0B3F14133}.Debug|Any CPU.Build.0 = Debug|Any CPU
		{B7756CC6-62A3-4FBB-B1E7-CAE0B3F14133}.Release|Any CPU.ActiveCfg = Release|Any CPU
		{B7756CC6-62A3-4FBB-B1E7-CAE0B3F14133}.Release|Any CPU.Build.0 = Release|Any CPU
	EndGlobalSection
	GlobalSection(SolutionProperties) = preSolution
		HideSolutionNode = FALSE
	EndGlobalSection
	GlobalSection(ExtensibilityGlobals) = postSolution
		SolutionGuid = {995CA00F-EFB9-4F9A-AE17-60F83E93C873}
	EndGlobalSection
EndGlobal
